
Microsoft Visual Studio Solution File, Format Version 12.00
# Visual Studio Version 17
VisualStudioVersion = 17.11.35222.181
MinimumVisualStudioVersion = 10.0.40219.1
Project("{FAE04EC0-301F-11D3-BF4B-00C04F79EFBC}") = "BarnabeAuMagasin", "BarnabeAuMagasin.csproj", "{E1C8B5B5-F7D6-40A1-9A3C-EB22BB25CB45}"
EndProject
Global
	GlobalSection(SolutionConfigurationPlatforms) = preSolution
		Debug|Any CPU = Debug|Any CPU
		Release|Any CPU = Release|Any CPU
	EndGlobalSection
	GlobalSection(ProjectConfigurationPlatforms) = postSolution
		{E1C8B5B5-F7D6-40A1-9A3C-EB22BB25CB45}.Debug|Any CPU.ActiveCfg = Debug|Any CPU
		{E1C8B5B5-F7D6-40A1-9A3C-EB22BB25CB45}.Debug|Any CPU.Build.0 = Debug|Any CPU
		{E1C8B5B5-F7D6-40A1-9A3C-EB22BB25CB45}.Release|Any CPU.ActiveCfg = Release|Any CPU
		{E1C8B5B5-F7D6-40A1-9A3C-EB22BB25CB45}.Release|Any CPU.Build.0 = Release|Any CPU
	EndGlobalSection
	GlobalSection(SolutionProperties) = preSolution
		HideSolutionNode = FALSE
	EndGlobalSection
	GlobalSection(ExtensibilityGlobals) = postSolution
		SolutionGuid = {B27254FA-3CF8-48B8-8420-D2D18E4D2D09}
	EndGlobalSection
EndGlobal
