
Microsoft Visual Studio Solution File, Format Version 12.00
# Visual Studio Version 17
VisualStudioVersion = 17.11.35222.181
MinimumVisualStudioVersion = 10.0.40219.1
Project("{FAE04EC0-301F-11D3-BF4B-00C04F79EFBC}") = "WafaeTools", "WafaeTools.csproj", "{267B97CB-6424-40B6-9C2E-6EF53B3886F2}"
EndProject
Global
	GlobalSection(SolutionConfigurationPlatforms) = preSolution
		Debug|Any CPU = Debug|Any CPU
		Release|Any CPU = Release|Any CPU
	EndGlobalSection
	GlobalSection(ProjectConfigurationPlatforms) = postSolution
		{267B97CB-6424-40B6-9C2E-6EF53B3886F2}.Debug|Any CPU.ActiveCfg = Debug|Any CPU
		{267B97CB-6424-40B6-9C2E-6EF53B3886F2}.Debug|Any CPU.Build.0 = Debug|Any CPU
		{267B97CB-6424-40B6-9C2E-6EF53B3886F2}.Release|Any CPU.ActiveCfg = Release|Any CPU
		{267B97CB-6424-40B6-9C2E-6EF53B3886F2}.Release|Any CPU.Build.0 = Release|Any CPU
	EndGlobalSection
	GlobalSection(SolutionProperties) = preSolution
		HideSolutionNode = FALSE
	EndGlobalSection
	GlobalSection(ExtensibilityGlobals) = postSolution
		SolutionGuid = {4335C43D-DC10-43F1-9313-008468380DF1}
	EndGlobalSection
EndGlobal
