
Microsoft Visual Studio Solution File, Format Version 12.00
# Visual Studio Version 17
VisualStudioVersion = 17.11.35222.181
MinimumVisualStudioVersion = 10.0.40219.1
Project("{FAE04EC0-301F-11D3-BF4B-00C04F79EFBC}") = "ClassLibraryDuLepidoptere", "ClassLibraryDuLepidoptere\ClassLibraryDuLepidoptere.csproj", "{FA8FB3CB-339B-4D62-BE1E-80D07ADA8FD5}"
EndProject
Project("{FAE04EC0-301F-11D3-BF4B-00C04F79EFBC}") = "ConsoleAppDuLepidoptere", "ConsoleAppDuLepidoptere\ConsoleAppDuLepidoptere.csproj", "{6202DFE9-6DFF-4F52-BF02-1E528A54C027}"
EndProject
Global
	GlobalSection(SolutionConfigurationPlatforms) = preSolution
		Debug|Any CPU = Debug|Any CPU
		Release|Any CPU = Release|Any CPU
	EndGlobalSection
	GlobalSection(ProjectConfigurationPlatforms) = postSolution
		{FA8FB3CB-339B-4D62-BE1E-80D07ADA8FD5}.Debug|Any CPU.ActiveCfg = Debug|Any CPU
		{FA8FB3CB-339B-4D62-BE1E-80D07ADA8FD5}.Debug|Any CPU.Build.0 = Debug|Any CPU
		{FA8FB3CB-339B-4D62-BE1E-80D07ADA8FD5}.Release|Any CPU.ActiveCfg = Release|Any CPU
		{FA8FB3CB-339B-4D62-BE1E-80D07ADA8FD5}.Release|Any CPU.Build.0 = Release|Any CPU
		{6202DFE9-6DFF-4F52-BF02-1E528A54C027}.Debug|Any CPU.ActiveCfg = Debug|Any CPU
		{6202DFE9-6DFF-4F52-BF02-1E528A54C027}.Debug|Any CPU.Build.0 = Debug|Any CPU
		{6202DFE9-6DFF-4F52-BF02-1E528A54C027}.Release|Any CPU.ActiveCfg = Release|Any CPU
		{6202DFE9-6DFF-4F52-BF02-1E528A54C027}.Release|Any CPU.Build.0 = Release|Any CPU
	EndGlobalSection
	GlobalSection(SolutionProperties) = preSolution
		HideSolutionNode = FALSE
	EndGlobalSection
	GlobalSection(ExtensibilityGlobals) = postSolution
		SolutionGuid = {ACA61EF9-1055-43C8-A138-D80CA36703AF}
	EndGlobalSection
EndGlobal
