
Microsoft Visual Studio Solution File, Format Version 12.00
# Visual Studio Version 17
VisualStudioVersion = 17.11.35222.181
MinimumVisualStudioVersion = 10.0.40219.1
Project("{9A19103F-16F7-4668-BE54-9A1E7A4F7556}") = "EsTuMajeur", "EsTuMajeur\EsTuMajeur.csproj", "{6E584188-A5F9-4796-A3C9-1B0C48084349}"
EndProject
Project("{9A19103F-16F7-4668-BE54-9A1E7A4F7556}") = "MaRetraite", "MaRetraite\MaRetraite.csproj", "{CF076A90-767B-4015-BB0A-6C080DD8A909}"
EndProject
Project("{9A19103F-16F7-4668-BE54-9A1E7A4F7556}") = "TriDeNombres", "..\TriDeNombres\TriDeNombres.csproj", "{90A036DA-2850-4518-BC24-54EA1BBD8D36}"
EndProject
Project("{9A19103F-16F7-4668-BE54-9A1E7A4F7556}") = "MaBicyclette", "MaBicyclette\MaBicyclette.csproj", "{EAFAAC7D-45A7-48BC-9FC0-44D5E1DB7789}"
EndProject
Project("{9A19103F-16F7-4668-BE54-9A1E7A4F7556}") = "ContrôlerLaSaisie", "ContrôlerLaSaisie\ContrôlerLaSaisie.csproj", "{44E5FD16-08EA-4DF4-AD6F-7A16757ED821}"
EndProject
Project("{9A19103F-16F7-4668-BE54-9A1E7A4F7556}") = "saisieAvecLimite", "..\saisieAvecLimite\saisieAvecLimite.csproj", "{8A9E63C4-B35C-4988-8FEF-18BAC599A0E2}"
EndProject
Project("{9A19103F-16F7-4668-BE54-9A1E7A4F7556}") = "DiviseurD1Nombre", "DiviseurD1Nombre\DiviseurD1Nombre.csproj", "{40CB0050-FAC3-4E18-9C9C-AAF0156080C3}"
EndProject
Project("{9A19103F-16F7-4668-BE54-9A1E7A4F7556}") = "Boucles.MotDePasseSecure", "Boucles.MotDePasseSecure\Boucles.MotDePasseSecure.csproj", "{DF94C43E-DCC1-4A46-962E-93BEBE83E68E}"
EndProject
Project("{9A19103F-16F7-4668-BE54-9A1E7A4F7556}") = "MotDepasse+20", "MotDepasse+20\MotDepasse+20.csproj", "{56D0FD12-EA53-4764-A639-069D8339538D}"
EndProject
Project("{2150E333-8FDC-42A3-9474-1A3956D46DE8}") = "NewFolder1", "NewFolder1", "{0B00CB01-DB82-48AE-8225-D06D6E926C30}"
EndProject
Project("{FAE04EC0-301F-11D3-BF4B-00C04F79EFBC}") = "IerCoursC#Udemy", "..\..\..\IerCoursC#Udemy\IerCoursC#Udemy.csproj", "{A0B39A66-B360-4607-AD55-CA909061A686}"
EndProject
Global
	GlobalSection(SolutionConfigurationPlatforms) = preSolution
		Debug|Any CPU = Debug|Any CPU
		Release|Any CPU = Release|Any CPU
	EndGlobalSection
	GlobalSection(ProjectConfigurationPlatforms) = postSolution
		{6E584188-A5F9-4796-A3C9-1B0C48084349}.Debug|Any CPU.ActiveCfg = Debug|Any CPU
		{6E584188-A5F9-4796-A3C9-1B0C48084349}.Debug|Any CPU.Build.0 = Debug|Any CPU
		{6E584188-A5F9-4796-A3C9-1B0C48084349}.Release|Any CPU.ActiveCfg = Release|Any CPU
		{6E584188-A5F9-4796-A3C9-1B0C48084349}.Release|Any CPU.Build.0 = Release|Any CPU
		{CF076A90-767B-4015-BB0A-6C080DD8A909}.Debug|Any CPU.ActiveCfg = Debug|Any CPU
		{CF076A90-767B-4015-BB0A-6C080DD8A909}.Debug|Any CPU.Build.0 = Debug|Any CPU
		{CF076A90-767B-4015-BB0A-6C080DD8A909}.Release|Any CPU.ActiveCfg = Release|Any CPU
		{CF076A90-767B-4015-BB0A-6C080DD8A909}.Release|Any CPU.Build.0 = Release|Any CPU
		{90A036DA-2850-4518-BC24-54EA1BBD8D36}.Debug|Any CPU.ActiveCfg = Debug|Any CPU
		{90A036DA-2850-4518-BC24-54EA1BBD8D36}.Debug|Any CPU.Build.0 = Debug|Any CPU
		{90A036DA-2850-4518-BC24-54EA1BBD8D36}.Release|Any CPU.ActiveCfg = Release|Any CPU
		{90A036DA-2850-4518-BC24-54EA1BBD8D36}.Release|Any CPU.Build.0 = Release|Any CPU
		{EAFAAC7D-45A7-48BC-9FC0-44D5E1DB7789}.Debug|Any CPU.ActiveCfg = Debug|Any CPU
		{EAFAAC7D-45A7-48BC-9FC0-44D5E1DB7789}.Debug|Any CPU.Build.0 = Debug|Any CPU
		{EAFAAC7D-45A7-48BC-9FC0-44D5E1DB7789}.Release|Any CPU.ActiveCfg = Release|Any CPU
		{EAFAAC7D-45A7-48BC-9FC0-44D5E1DB7789}.Release|Any CPU.Build.0 = Release|Any CPU
		{44E5FD16-08EA-4DF4-AD6F-7A16757ED821}.Debug|Any CPU.ActiveCfg = Debug|Any CPU
		{44E5FD16-08EA-4DF4-AD6F-7A16757ED821}.Debug|Any CPU.Build.0 = Debug|Any CPU
		{44E5FD16-08EA-4DF4-AD6F-7A16757ED821}.Release|Any CPU.ActiveCfg = Release|Any CPU
		{44E5FD16-08EA-4DF4-AD6F-7A16757ED821}.Release|Any CPU.Build.0 = Release|Any CPU
		{8A9E63C4-B35C-4988-8FEF-18BAC599A0E2}.Debug|Any CPU.ActiveCfg = Debug|Any CPU
		{8A9E63C4-B35C-4988-8FEF-18BAC599A0E2}.Debug|Any CPU.Build.0 = Debug|Any CPU
		{8A9E63C4-B35C-4988-8FEF-18BAC599A0E2}.Release|Any CPU.ActiveCfg = Release|Any CPU
		{8A9E63C4-B35C-4988-8FEF-18BAC599A0E2}.Release|Any CPU.Build.0 = Release|Any CPU
		{40CB0050-FAC3-4E18-9C9C-AAF0156080C3}.Debug|Any CPU.ActiveCfg = Debug|Any CPU
		{40CB0050-FAC3-4E18-9C9C-AAF0156080C3}.Debug|Any CPU.Build.0 = Debug|Any CPU
		{40CB0050-FAC3-4E18-9C9C-AAF0156080C3}.Release|Any CPU.ActiveCfg = Release|Any CPU
		{40CB0050-FAC3-4E18-9C9C-AAF0156080C3}.Release|Any CPU.Build.0 = Release|Any CPU
		{DF94C43E-DCC1-4A46-962E-93BEBE83E68E}.Debug|Any CPU.ActiveCfg = Debug|Any CPU
		{DF94C43E-DCC1-4A46-962E-93BEBE83E68E}.Debug|Any CPU.Build.0 = Debug|Any CPU
		{DF94C43E-DCC1-4A46-962E-93BEBE83E68E}.Release|Any CPU.ActiveCfg = Release|Any CPU
		{DF94C43E-DCC1-4A46-962E-93BEBE83E68E}.Release|Any CPU.Build.0 = Release|Any CPU
		{56D0FD12-EA53-4764-A639-069D8339538D}.Debug|Any CPU.ActiveCfg = Debug|Any CPU
		{56D0FD12-EA53-4764-A639-069D8339538D}.Debug|Any CPU.Build.0 = Debug|Any CPU
		{56D0FD12-EA53-4764-A639-069D8339538D}.Release|Any CPU.ActiveCfg = Release|Any CPU
		{56D0FD12-EA53-4764-A639-069D8339538D}.Release|Any CPU.Build.0 = Release|Any CPU
		{A0B39A66-B360-4607-AD55-CA909061A686}.Debug|Any CPU.ActiveCfg = Debug|Any CPU
		{A0B39A66-B360-4607-AD55-CA909061A686}.Debug|Any CPU.Build.0 = Debug|Any CPU
		{A0B39A66-B360-4607-AD55-CA909061A686}.Release|Any CPU.ActiveCfg = Release|Any CPU
		{A0B39A66-B360-4607-AD55-CA909061A686}.Release|Any CPU.Build.0 = Release|Any CPU
	EndGlobalSection
	GlobalSection(SolutionProperties) = preSolution
		HideSolutionNode = FALSE
	EndGlobalSection
	GlobalSection(ExtensibilityGlobals) = postSolution
		SolutionGuid = {D21B45ED-F285-4787-8309-60EB0E7E7625}
	EndGlobalSection
EndGlobal
